
Microsoft Visual Studio Solution File, Format Version 12.00
# Visual Studio Version 16
VisualStudioVersion = 16.0.30128.74
MinimumVisualStudioVersion = 10.0.40219.1
Project("{FAE04EC0-301F-11D3-BF4B-00C04F79EFBC}") = "firstproject", "firstproject.csproj", "{0367C098-4853-4F1C-ACBB-BDFD6851A191}"
EndProject
Global
	GlobalSection(SolutionConfigurationPlatforms) = preSolution
		Debug|Any CPU = Debug|Any CPU
		Release|Any CPU = Release|Any CPU
	EndGlobalSection
	GlobalSection(ProjectConfigurationPlatforms) = postSolution
		{0367C098-4853-4F1C-ACBB-BDFD6851A191}.Debug|Any CPU.ActiveCfg = Debug|Any CPU
		{0367C098-4853-4F1C-ACBB-BDFD6851A191}.Debug|Any CPU.Build.0 = Debug|Any CPU
		{0367C098-4853-4F1C-ACBB-BDFD6851A191}.Release|Any CPU.ActiveCfg = Release|Any CPU
		{0367C098-4853-4F1C-ACBB-BDFD6851A191}.Release|Any CPU.Build.0 = Release|Any CPU
	EndGlobalSection
	GlobalSection(SolutionProperties) = preSolution
		HideSolutionNode = FALSE
	EndGlobalSection
	GlobalSection(ExtensibilityGlobals) = postSolution
		SolutionGuid = {797CE8EA-6E6C-4310-B47A-5D02FE4F453F}
	EndGlobalSection
EndGlobal
